<?xml version="1.0" encoding="utf-8"?>
<Project ToolsVersion="4.0" xmlns="http://schemas.microsoft.com/developer/msbuild/2003">
  <ItemGroup>
    <Filter Include="Source Files">
      <UniqueIdentifier>{4FC737F1-C7A5-4376-A066-2A32D752A2FF}</UniqueIdentifier>
      <Extensions>cpp;c;cc;cxx;def;odl;idl;hpj;bat;asm;asmx</Extensions>
    </Filter>
    <Filter Include="Header Files">
      <UniqueIdentifier>{93995380-89BD-4b04-88EB-625FBE52EBFB}</UniqueIdentifier>
      <Extensions>h;hh;hpp;hxx;hm;inl;inc;xsd</Extensions>
    </Filter>
    <Filter Include="Resource Files">
      <UniqueIdentifier>{67DA6AB6-F800-4c08-8B7A-83BB121AAD01}</UniqueIdentifier>
      <Extensions>rc;ico;cur;bmp;dlg;rc2;rct;bin;rgs;gif;jpg;jpeg;jpe;resx;tiff;tif;png;wav;mfcribbon-ms</Extensions>
    </Filter>
  </ItemGroup>
  <ItemGroup>
    <ClInclude Include="CrashDump.hpp">
      <Filter>Header Files</Filter>
    </ClInclude>
    <ClInclude Include="Detour\D3D11DetourManager.hpp">
      <Filter>Header Files</Filter>
    </ClInclude>
    <ClInclude Include="D3DHook\D3DHooks_VRManager.hpp">
      <Filter>Header Files</Filter>
    </ClInclude>
    <ClInclude Include="Game\GtaCameraFov.hpp">
      <Filter>Header Files</Filter>
    </ClInclude>
    <ClInclude Include="Game\GtaCameraHook.hpp">
      <Filter>Header Files</Filter>
    </ClInclude>
    <ClInclude Include="Game\PatternScanner.hpp">
      <Filter>Header Files</Filter>
    </ClInclude>
    <ClInclude Include="Log.hpp">
      <Filter>Header Files</Filter>
    </ClInclude>
    <ClInclude Include="Overlay\OverlaySurface.hpp">
      <Filter>Header Files</Filter>
    </ClInclude>
    <ClInclude Include="Overlay\OpenVROverlaySurface.hpp">
      <Filter>Header Files</Filter>
    </ClInclude>
    <ClInclude Include="OpenXR\XRActionManager.hpp">
      <Filter>Header Files</Filter>
    </ClInclude>
    <ClInclude Include="OpenXR\XRCore.hpp">
      <Filter>Header Files</Filter>
    </ClInclude>
    <ClInclude Include="OpenXR\XRFrameManager.hpp">
      <Filter>Header Files</Filter>
    </ClInclude>
    <ClInclude Include="OpenXR\XRGraphicsBinding.hpp">
      <Filter>Header Files</Filter>
    </ClInclude>
    <ClInclude Include="OpenXR\XRHMDSupport.hpp">
      <Filter>Header Files</Filter>
    </ClInclude>
    <ClInclude Include="OpenXR\XRInstance.hpp">
      <Filter>Header Files</Filter>
    </ClInclude>
    <ClInclude Include="OpenXR\XROverlay.hpp">
      <Filter>Header Files</Filter>
    </ClInclude>
    <ClInclude Include="OpenXR\XROverlayUI.hpp">
      <Filter>Header Files</Filter>
    </ClInclude>
    <ClInclude Include="OpenXR\XRSession.hpp">
      <Filter>Header Files</Filter>
    </ClInclude>
    <ClInclude Include="OpenXR\XRSwapchain.hpp">
      <Filter>Header Files</Filter>
    </ClInclude>
    <ClInclude Include="OpenXR\XRViewManager.hpp">
      <Filter>Header Files</Filter>
    </ClInclude>
    <ClInclude Include="Vive\HMDRenderer.hpp">
      <Filter>Header Files</Filter>
    </ClInclude>
    
    <ClInclude Include="Vive\Math\Matrices.h">
      <Filter>Header Files</Filter>
    </ClInclude>
    <ClInclude Include="Vive\Math\Vectors.h">
      <Filter>Header Files</Filter>
    </ClInclude>
    <ClInclude Include="Vive\Math\Helpers.hpp">
      <Filter>Header Files</Filter>
    </ClInclude>
    <ClInclude Include="targetver.h">
      <Filter>Header Files</Filter>
    </ClInclude>
    <ClInclude Include="VR\IVRBackend.hpp">
      <Filter>Header Files</Filter>
    </ClInclude>
    <ClInclude Include="VR\OpenVRBackend.hpp">
      <Filter>Header Files</Filter>
    </ClInclude>
    <ClInclude Include="VR\OpenXRBackend.hpp">
      <Filter>Header Files</Filter>
    </ClInclude>
    <ClInclude Include="VR\SharedSettings.hpp">
      <Filter>Header Files</Filter>
    </ClInclude>
    <ClInclude Include="VR\VRManager.hpp">
      <Filter>Header Files</Filter>
    </ClInclude>
  </ItemGroup>
  <ItemGroup>
    <ClCompile Include="CrashDump.cpp">
      <Filter>Source Files</Filter>
    </ClCompile>
    <ClCompile Include="dllmain.cpp">
      <Filter>Source Files</Filter>
    </ClCompile>
    <ClCompile Include="Detour\D3D11DetourManager.cpp">
      <Filter>Source Files</Filter>
    </ClCompile>
    <ClCompile Include="Game\GtaCameraFov.cpp">
      <Filter>Source Files</Filter>
    </ClCompile>
    <ClCompile Include="Game\GtaCameraHook.cpp">
      <Filter>Source Files</Filter>
    </ClCompile>
    <ClCompile Include="Game\PatternScanner.cpp">
      <Filter>Source Files</Filter>
    </ClCompile>
    <ClCompile Include="Log.cpp">
      <Filter>Source Files</Filter>
    </ClCompile>
    <ClCompile Include="..\ThirdParty\imgui\imgui.cpp">
      <Filter>Source Files</Filter>
    </ClCompile>
    <ClCompile Include="..\ThirdParty\imgui\imgui_draw.cpp">
      <Filter>Source Files</Filter>
    </ClCompile>
    <ClCompile Include="..\ThirdParty\imgui\imgui_tables.cpp">
      <Filter>Source Files</Filter>
    </ClCompile>
    <ClCompile Include="..\ThirdParty\imgui\imgui_widgets.cpp">
      <Filter>Source Files</Filter>
    </ClCompile>
    <ClCompile Include="..\ThirdParty\imgui\backends\imgui_impl_dx11.cpp">
      <Filter>Source Files</Filter>
    </ClCompile>
    <ClCompile Include="..\ThirdParty\imgui\backends\imgui_impl_win32.cpp">
      <Filter>Source Files</Filter>
    </ClCompile>
    <ClCompile Include="Overlay\OpenVROverlaySurface.cpp">
      <Filter>Source Files</Filter>
    </ClCompile>
    <ClCompile Include="OpenXR\XRActionManager.cpp">
      <Filter>Source Files</Filter>
    </ClCompile>
    <ClCompile Include="OpenXR\XRCore.cpp">
      <Filter>Source Files</Filter>
    </ClCompile>
    <ClCompile Include="OpenXR\XRFrameManager.cpp">
      <Filter>Source Files</Filter>
    </ClCompile>
    <ClCompile Include="OpenXR\XRGraphicsBinding.cpp">
      <Filter>Source Files</Filter>
    </ClCompile>
    <ClCompile Include="OpenXR\XRHMDSupport.cpp">
      <Filter>Source Files</Filter>
    </ClCompile>
    <ClCompile Include="OpenXR\XRInstance.cpp">
      <Filter>Source Files</Filter>
    </ClCompile>
    <ClCompile Include="OpenXR\XROverlay.cpp">
      <Filter>Source Files</Filter>
    </ClCompile>
    <ClCompile Include="OpenXR\XROverlayUI.cpp">
      <Filter>Source Files</Filter>
    </ClCompile>
    <ClCompile Include="OpenXR\XRSession.cpp">
      <Filter>Source Files</Filter>
    </ClCompile>
    <ClCompile Include="OpenXR\XRSwapchain.cpp">
      <Filter>Source Files</Filter>
    </ClCompile>
    <ClCompile Include="OpenXR\XRViewManager.cpp">
      <Filter>Source Files</Filter>
    </ClCompile>
    <ClCompile Include="Vive\HMDRenderer.cpp">
      <Filter>Source Files</Filter>
    </ClCompile>
    
    <ClCompile Include="Vive\Math\Matrices.cpp">
      <Filter>Source Files</Filter>
    </ClCompile>
    <ClCompile Include="VR\OpenVRBackend.cpp">
      <Filter>Source Files</Filter>
    </ClCompile>
    <ClCompile Include="VR\OpenXRBackend.cpp">
      <Filter>Source Files</Filter>
    </ClCompile>
    <ClCompile Include="VR\VRManager.cpp">
      <Filter>Source Files</Filter>
    </ClCompile>
  </ItemGroup>
</Project>
